
Microsoft Visual Studio Solution File, Format Version 12.00
# Visual Studio Version 17
VisualStudioVersion = 17.4.33122.133
MinimumVisualStudioVersion = 10.0.40219.1
Project("{9A19103F-16F7-4668-BE54-9A1E7A4F7556}") = "PsssD", "PsssD\PsssD.csproj", "{2230FC23-74F1-4CD1-8601-DDB36A71CF94}"
EndProject
Global
	GlobalSection(SolutionConfigurationPlatforms) = preSolution
		Debug|Any CPU = Debug|Any CPU
		Release|Any CPU = Release|Any CPU
	EndGlobalSection
	GlobalSection(ProjectConfigurationPlatforms) = postSolution
		{2230FC23-74F1-4CD1-8601-DDB36A71CF94}.Debug|Any CPU.ActiveCfg = Debug|Any CPU
		{2230FC23-74F1-4CD1-8601-DDB36A71CF94}.Debug|Any CPU.Build.0 = Debug|Any CPU
		{2230FC23-74F1-4CD1-8601-DDB36A71CF94}.Release|Any CPU.ActiveCfg = Release|Any CPU
		{2230FC23-74F1-4CD1-8601-DDB36A71CF94}.Release|Any CPU.Build.0 = Release|Any CPU
	EndGlobalSection
	GlobalSection(SolutionProperties) = preSolution
		HideSolutionNode = FALSE
	EndGlobalSection
	GlobalSection(ExtensibilityGlobals) = postSolution
		SolutionGuid = {EF127AE9-E309-4829-954F-83BB2E0FA84F}
	EndGlobalSection
EndGlobal
